
Microsoft Visual Studio Solution File, Format Version 12.00
# Visual Studio 15
Project("{FAE04EC0-301F-11D3-BF4B-00C04F79EFBC}") = "New Unity chan3d", "New Unity chan3d.csproj", "{476F141B-3123-F356-AE60-0948993ACFA4}"
EndProject
Project("{FAE04EC0-301F-11D3-BF4B-00C04F79EFBC}") = "New Unity chan3d.Editor", "New Unity chan3d.Editor.csproj", "{41EF51CF-56D2-AF6D-E64A-E309A6956BFF}"
EndProject
Global
	GlobalSection(SolutionConfigurationPlatforms) = preSolution
		Debug|Any CPU = Debug|Any CPU
		Release|Any CPU = Release|Any CPU
	EndGlobalSection
	GlobalSection(ProjectConfigurationPlatforms) = postSolution
		{476F141B-3123-F356-AE60-0948993ACFA4}.Debug|Any CPU.ActiveCfg = Debug|Any CPU
		{476F141B-3123-F356-AE60-0948993ACFA4}.Debug|Any CPU.Build.0 = Debug|Any CPU
		{476F141B-3123-F356-AE60-0948993ACFA4}.Release|Any CPU.ActiveCfg = Release|Any CPU
		{476F141B-3123-F356-AE60-0948993ACFA4}.Release|Any CPU.Build.0 = Release|Any CPU
		{41EF51CF-56D2-AF6D-E64A-E309A6956BFF}.Debug|Any CPU.ActiveCfg = Debug|Any CPU
		{41EF51CF-56D2-AF6D-E64A-E309A6956BFF}.Debug|Any CPU.Build.0 = Debug|Any CPU
		{41EF51CF-56D2-AF6D-E64A-E309A6956BFF}.Release|Any CPU.ActiveCfg = Release|Any CPU
		{41EF51CF-56D2-AF6D-E64A-E309A6956BFF}.Release|Any CPU.Build.0 = Release|Any CPU
	EndGlobalSection
	GlobalSection(SolutionProperties) = preSolution
		HideSolutionNode = FALSE
	EndGlobalSection
EndGlobal
